{
  "name": "@anandind/medium-common",
  "version": "1.0.4",
  "lockfileVersion": 3,
  "requires": true,
  "packages": {
    "": {
      "name": "@anandind/medium-common",
      "version": "1.0.4",
      "license": "ISC",
      "dependencies": {
        "@anandind/medium-common": "^1.0.4",
        "zod": "^3.22.4"
      }
    },
    "node_modules/@anandind/medium-common": {
      "version": "1.0.4",
      "resolved": "https://registry.npmjs.org/@anandind/medium-common/-/medium-common-1.0.4.tgz",
      "integrity": "sha512-RIN3zfE4oyDcWKkRoZyxSjUAb6PaNpEPlYaHLwoEGoB5/Byxs1h6s1AfINJF6rheIx9DtU5hUKdhKrw6okNhgA==",
      "dependencies": {
        "zod": "^3.22.4"
      }
    },
    "node_modules/zod": {
      "version": "3.22.4",
      "resolved": "https://registry.npmjs.org/zod/-/zod-3.22.4.tgz",
      "integrity": "sha512-iC+8Io04lddc+mVqQ9AZ7OQ2MrUKGN+oIQyq1vemgt46jwCwLfhq7/pwnBnNXXXZb8VTVLKwp9EDkx+ryxIWmg==",
      "funding": {
        "url": "https://github.com/sponsors/colinhacks"
      }
    }
  }
}
